// !$*UTF8*$!
{
	archiveVersion = 1;
	classes = {
	};
	objectVersion = 46;
	objects = {

/* Begin PBXBuildFile section */
		BF60EB8E1374000700B0603C /* UIKit.framework in Frameworks */ = {isa = PBXBuildFile; fileRef = BF60EB8D1374000600B0603C /* UIKit.framework */; };
		BF60EB901374000700B0603C /* Foundation.framework in Frameworks */ = {isa = PBXBuildFile; fileRef = BF60EB8F1374000700B0603C /* Foundation.framework */; };
		BF60EB921374000700B0603C /* CoreGraphics.framework in Frameworks */ = {isa = PBXBuildFile; fileRef = BF60EB911374000700B0603C /* CoreGraphics.framework */; };
		BF60EB981374000700B0603C /* InfoPlist.strings in Resources */ = {isa = PBXBuildFile; fileRef = BF60EB961374000700B0603C /* InfoPlist.strings */; };
		BF60EB9B1374000700B0603C /* main.m in Sources */ = {isa = PBXBuildFile; fileRef = BF60EB9A1374000700B0603C /* main.m */; };
		BF60EB9E1374000700B0603C /* JTListViewAppDelegate.m in Sources */ = {isa = PBXBuildFile; fileRef = BF60EB9D1374000700B0603C /* JTListViewAppDelegate.m */; };
		BF60EBA11374000700B0603C /* MainWindow.xib in Resources */ = {isa = PBXBuildFile; fileRef = BF60EB9F1374000700B0603C /* MainWindow.xib */; };
		BF60EBD6137400E800B0603C /* JTListView.m in Sources */ = {isa = PBXBuildFile; fileRef = BF60EBD5137400E800B0603C /* JTListView.m */; };
		BFB77303137670EC00983A93 /* JTListViewDemoController.m in Sources */ = {isa = PBXBuildFile; fileRef = BFB77302137670EC00983A93 /* JTListViewDemoController.m */; };
/* End PBXBuildFile section */

/* Begin PBXFileReference section */
		BF60EB891374000600B0603C /* JTListView.app */ = {isa = PBXFileReference; explicitFileType = wrapper.application; includeInIndex = 0; path = JTListView.app; sourceTree = BUILT_PRODUCTS_DIR; };
		BF60EB8D1374000600B0603C /* UIKit.framework */ = {isa = PBXFileReference; lastKnownFileType = wrapper.framework; name = UIKit.framework; path = System/Library/Frameworks/UIKit.framework; sourceTree = SDKROOT; };
		BF60EB8F1374000700B0603C /* Foundation.framework */ = {isa = PBXFileReference; lastKnownFileType = wrapper.framework; name = Foundation.framework; path = System/Library/Frameworks/Foundation.framework; sourceTree = SDKROOT; };
		BF60EB911374000700B0603C /* CoreGraphics.framework */ = {isa = PBXFileReference; lastKnownFileType = wrapper.framework; name = CoreGraphics.framework; path = System/Library/Frameworks/CoreGraphics.framework; sourceTree = SDKROOT; };
		BF60EB951374000700B0603C /* JTListView-Info.plist */ = {isa = PBXFileReference; lastKnownFileType = text.plist.xml; path = "JTListView-Info.plist"; sourceTree = "<group>"; };
		BF60EB971374000700B0603C /* en */ = {isa = PBXFileReference; lastKnownFileType = text.plist.strings; name = en; path = en.lproj/InfoPlist.strings; sourceTree = "<group>"; };
		BF60EB991374000700B0603C /* JTListView-Prefix.pch */ = {isa = PBXFileReference; lastKnownFileType = sourcecode.c.h; path = "JTListView-Prefix.pch"; sourceTree = "<group>"; };
		BF60EB9A1374000700B0603C /* main.m */ = {isa = PBXFileReference; lastKnownFileType = sourcecode.c.objc; path = main.m; sourceTree = "<group>"; };
		BF60EB9C1374000700B0603C /* JTListViewAppDelegate.h */ = {isa = PBXFileReference; lastKnownFileType = sourcecode.c.h; path = JTListViewAppDelegate.h; sourceTree = "<group>"; };
		BF60EB9D1374000700B0603C /* JTListViewAppDelegate.m */ = {isa = PBXFileReference; lastKnownFileType = sourcecode.c.objc; path = JTListViewAppDelegate.m; sourceTree = "<group>"; };
		BF60EBA01374000700B0603C /* en */ = {isa = PBXFileReference; lastKnownFileType = file.xib; name = en; path = en.lproj/MainWindow.xib; sourceTree = "<group>"; };
		BF60EBD4137400E800B0603C /* JTListView.h */ = {isa = PBXFileReference; fileEncoding = 4; lastKnownFileType = sourcecode.c.h; path = JTListView.h; sourceTree = "<group>"; };
		BF60EBD5137400E800B0603C /* JTListView.m */ = {isa = PBXFileReference; fileEncoding = 4; lastKnownFileType = sourcecode.c.objc; path = JTListView.m; sourceTree = "<group>"; };
		BFB77301137670EC00983A93 /* JTListViewDemoController.h */ = {isa = PBXFileReference; fileEncoding = 4; lastKnownFileType = sourcecode.c.h; path = JTListViewDemoController.h; sourceTree = "<group>"; };
		BFB77302137670EC00983A93 /* JTListViewDemoController.m */ = {isa = PBXFileReference; fileEncoding = 4; lastKnownFileType = sourcecode.c.objc; path = JTListViewDemoController.m; sourceTree = "<group>"; };
		BFB773321376F3ED00983A93 /* .gitignore */ = {isa = PBXFileReference; lastKnownFileType = text; path = .gitignore; sourceTree = "<group>"; };
/* End PBXFileReference section */

/* Begin PBXFrameworksBuildPhase section */
		BF60EB861374000600B0603C /* Frameworks */ = {
			isa = PBXFrameworksBuildPhase;
			buildActionMask = 2147483647;
			files = (
				BF60EB8E1374000700B0603C /* UIKit.framework in Frameworks */,
				BF60EB901374000700B0603C /* Foundation.framework in Frameworks */,
				BF60EB921374000700B0603C /* CoreGraphics.framework in Frameworks */,
			);
			runOnlyForDeploymentPostprocessing = 0;
		};
/* End PBXFrameworksBuildPhase section */

/* Begin PBXGroup section */
		BF60EB7E1374000600B0603C = {
			isa = PBXGroup;
			children = (
				BF60EB931374000700B0603C /* JTListView */,
				BF60EB8C1374000600B0603C /* Frameworks */,
				BF60EB8A1374000600B0603C /* Products */,
			);
			sourceTree = "<group>";
		};
		BF60EB8A1374000600B0603C /* Products */ = {
			isa = PBXGroup;
			children = (
				BF60EB891374000600B0603C /* JTListView.app */,
			);
			name = Products;
			sourceTree = "<group>";
		};
		BF60EB8C1374000600B0603C /* Frameworks */ = {
			isa = PBXGroup;
			children = (
				BF60EB8D1374000600B0603C /* UIKit.framework */,
				BF60EB8F1374000700B0603C /* Foundation.framework */,
				BF60EB911374000700B0603C /* CoreGraphics.framework */,
			);
			name = Frameworks;
			sourceTree = "<group>";
		};
		BF60EB931374000700B0603C /* JTListView */ = {
			isa = PBXGroup;
			children = (
				BF60EB9C1374000700B0603C /* JTListViewAppDelegate.h */,
				BF60EB9D1374000700B0603C /* JTListViewAppDelegate.m */,
				BFB77301137670EC00983A93 /* JTListViewDemoController.h */,
				BFB77302137670EC00983A93 /* JTListViewDemoController.m */,
				BF60EBD4137400E800B0603C /* JTListView.h */,
				BF60EBD5137400E800B0603C /* JTListView.m */,
				BF60EB9F1374000700B0603C /* MainWindow.xib */,
				BF60EB941374000700B0603C /* Supporting Files */,
			);
			path = JTListView;
			sourceTree = "<group>";
		};
		BF60EB941374000700B0603C /* Supporting Files */ = {
			isa = PBXGroup;
			children = (
				BF60EB951374000700B0603C /* JTListView-Info.plist */,
				BF60EB961374000700B0603C /* InfoPlist.strings */,
				BF60EB991374000700B0603C /* JTListView-Prefix.pch */,
				BF60EB9A1374000700B0603C /* main.m */,
				BFB773321376F3ED00983A93 /* .gitignore */,
			);
			name = "Supporting Files";
			sourceTree = "<group>";
		};
/* End PBXGroup section */

/* Begin PBXNativeTarget section */
		BF60EB881374000600B0603C /* JTListView */ = {
			isa = PBXNativeTarget;
			buildConfigurationList = BF60EBA41374000700B0603C /* Build configuration list for PBXNativeTarget "JTListView" */;
			buildPhases = (
				BF60EB851374000600B0603C /* Sources */,
				BF60EB861374000600B0603C /* Frameworks */,
				BF60EB871374000600B0603C /* Resources */,
			);
			buildRules = (
			);
			dependencies = (
			);
			name = JTListView;
			productName = JTListView;
			productReference = BF60EB891374000600B0603C /* JTListView.app */;
			productType = "com.apple.product-type.application";
		};
/* End PBXNativeTarget section */

/* Begin PBXProject section */
		BF60EB801374000600B0603C /* Project object */ = {
			isa = PBXProject;
			attributes = {
				ORGANIZATIONNAME = "Jun Tanaka";
			};
			buildConfigurationList = BF60EB831374000600B0603C /* Build configuration list for PBXProject "JTListView" */;
			compatibilityVersion = "Xcode 3.2";
			developmentRegion = English;
			hasScannedForEncodings = 0;
			knownRegions = (
				en,
			);
			mainGroup = BF60EB7E1374000600B0603C;
			productRefGroup = BF60EB8A1374000600B0603C /* Products */;
			projectDirPath = "";
			projectRoot = "";
			targets = (
				BF60EB881374000600B0603C /* JTListView */,
			);
		};
/* End PBXProject section */

/* Begin PBXResourcesBuildPhase section */
		BF60EB871374000600B0603C /* Resources */ = {
			isa = PBXResourcesBuildPhase;
			buildActionMask = 2147483647;
			files = (
				BF60EB981374000700B0603C /* InfoPlist.strings in Resources */,
				BF60EBA11374000700B0603C /* MainWindow.xib in Resources */,
			);
			runOnlyForDeploymentPostprocessing = 0;
		};
/* End PBXResourcesBuildPhase section */

/* Begin PBXSourcesBuildPhase section */
		BF60EB851374000600B0603C /* Sources */ = {
			isa = PBXSourcesBuildPhase;
			buildActionMask = 2147483647;
			files = (
				BF60EB9B1374000700B0603C /* main.m in Sources */,
				BF60EB9E1374000700B0603C /* JTListViewAppDelegate.m in Sources */,
				BF60EBD6137400E800B0603C /* JTListView.m in Sources */,
				BFB77303137670EC00983A93 /* JTListViewDemoController.m in Sources */,
			);
			runOnlyForDeploymentPostprocessing = 0;
		};
/* End PBXSourcesBuildPhase section */

/* Begin PBXVariantGroup section */
		BF60EB961374000700B0603C /* InfoPlist.strings */ = {
			isa = PBXVariantGroup;
			children = (
				BF60EB971374000700B0603C /* en */,
			);
			name = InfoPlist.strings;
			sourceTree = "<group>";
		};
		BF60EB9F1374000700B0603C /* MainWindow.xib */ = {
			isa = PBXVariantGroup;
			children = (
				BF60EBA01374000700B0603C /* en */,
			);
			name = MainWindow.xib;
			sourceTree = "<group>";
		};
/* End PBXVariantGroup section */

/* Begin XCBuildConfiguration section */
		BF60EBA21374000700B0603C /* Debug */ = {
			isa = XCBuildConfiguration;
			buildSettings = {
				ARCHS = "$(ARCHS_STANDARD_32_BIT)";
				CODE_SIGN_IDENTITY = "iPhone Developer";
				"CODE_SIGN_IDENTITY[sdk=iphoneos*]" = "iPhone Developer";
				GCC_C_LANGUAGE_STANDARD = gnu99;
				GCC_OPTIMIZATION_LEVEL = 0;
				GCC_PREPROCESSOR_DEFINITIONS = DEBUG;
				GCC_SYMBOLS_PRIVATE_EXTERN = NO;
				GCC_VERSION = com.apple.compilers.llvmgcc42;
				GCC_WARN_ABOUT_RETURN_TYPE = YES;
				GCC_WARN_UNUSED_VARIABLE = YES;
				IPHONEOS_DEPLOYMENT_TARGET = 4.3;
				PROVISIONING_PROFILE = "";
				SDKROOT = iphoneos;
			};
			name = Debug;
		};
		BF60EBA31374000700B0603C /* Release */ = {
			isa = XCBuildConfiguration;
			buildSettings = {
				ARCHS = "$(ARCHS_STANDARD_32_BIT)";
				CODE_SIGN_IDENTITY = "iPhone Developer";
				"CODE_SIGN_IDENTITY[sdk=iphoneos*]" = "iPhone Developer";
				GCC_C_LANGUAGE_STANDARD = gnu99;
				GCC_VERSION = com.apple.compilers.llvmgcc42;
				GCC_WARN_ABOUT_RETURN_TYPE = YES;
				GCC_WARN_UNUSED_VARIABLE = YES;
				IPHONEOS_DEPLOYMENT_TARGET = 4.3;
				OTHER_CFLAGS = "-DNS_BLOCK_ASSERTIONS=1";
				PROVISIONING_PROFILE = "";
				SDKROOT = iphoneos;
			};
			name = Release;
		};
		BF60EBA51374000700B0603C /* Debug */ = {
			isa = XCBuildConfiguration;
			buildSettings = {
				ALWAYS_SEARCH_USER_PATHS = NO;
				COPY_PHASE_STRIP = NO;
				GCC_DYNAMIC_NO_PIC = NO;
				GCC_PRECOMPILE_PREFIX_HEADER = YES;
				GCC_PREFIX_HEADER = "JTListView/JTListView-Prefix.pch";
				INFOPLIST_FILE = "JTListView/JTListView-Info.plist";
				IPHONEOS_DEPLOYMENT_TARGET = 4.3;
				PRODUCT_NAME = "$(TARGET_NAME)";
				TARGETED_DEVICE_FAMILY = "1,2";
				WRAPPER_EXTENSION = app;
			};
			name = Debug;
		};
		BF60EBA61374000700B0603C /* Release */ = {
			isa = XCBuildConfiguration;
			buildSettings = {
				ALWAYS_SEARCH_USER_PATHS = NO;
				COPY_PHASE_STRIP = YES;
				GCC_PRECOMPILE_PREFIX_HEADER = YES;
				GCC_PREFIX_HEADER = "JTListView/JTListView-Prefix.pch";
				INFOPLIST_FILE = "JTListView/JTListView-Info.plist";
				IPHONEOS_DEPLOYMENT_TARGET = 4.3;
				PRODUCT_NAME = "$(TARGET_NAME)";
				TARGETED_DEVICE_FAMILY = "1,2";
				VALIDATE_PRODUCT = YES;
				WRAPPER_EXTENSION = app;
			};
			name = Release;
		};
/* End XCBuildConfiguration section */

/* Begin XCConfigurationList section */
		BF60EB831374000600B0603C /* Build configuration list for PBXProject "JTListView" */ = {
			isa = XCConfigurationList;
			buildConfigurations = (
				BF60EBA21374000700B0603C /* Debug */,
				BF60EBA31374000700B0603C /* Release */,
			);
			defaultConfigurationIsVisible = 0;
			defaultConfigurationName = Release;
		};
		BF60EBA41374000700B0603C /* Build configuration list for PBXNativeTarget "JTListView" */ = {
			isa = XCConfigurationList;
			buildConfigurations = (
				BF60EBA51374000700B0603C /* Debug */,
				BF60EBA61374000700B0603C /* Release */,
			);
			defaultConfigurationIsVisible = 0;
			defaultConfigurationName = Release;
		};
/* End XCConfigurationList section */
	};
	rootObject = BF60EB801374000600B0603C /* Project object */;
}
